{
  "dependencies": {
    "cheerio": {
      "version": "0.20.0",
      "dependencies": {
        "css-select": {
          "version": "1.2.0",
          "dependencies": {
            "css-what": {
              "version": "2.1.0"
            },
            "domutils": {
              "version": "1.5.1",
              "dependencies": {
                "domelementtype": {
                  "version": "1.3.0"
                }
              }
            },
            "boolbase": {
              "version": "1.0.0"
            },
            "nth-check": {
              "version": "1.0.1"
            }
          }
        },
        "entities": {
          "version": "1.1.1"
        },
        "htmlparser2": {
          "version": "3.8.3",
          "dependencies": {
            "domhandler": {
              "version": "2.3.0"
            },
            "domutils": {
              "version": "1.5.1"
            },
            "domelementtype": {
              "version": "1.3.0"
            },
            "readable-stream": {
              "version": "1.1.13",
              "dependencies": {
                "core-util-is": {
                  "version": "1.0.2"
                },
                "isarray": {
                  "version": "0.0.1"
                },
                "string_decoder": {
                  "version": "0.10.31"
                },
                "inherits": {
                  "version": "2.0.1"
                }
              }
            },
            "entities": {
              "version": "1.0.0"
            }
          }
        },
        "dom-serializer": {
          "version": "0.1.0",
          "dependencies": {
            "domelementtype": {
              "version": "1.1.3"
            }
          }
        },
        "lodash": {
          "version": "4.9.0"
        },
        "jsdom": {
          "version": "7.2.2",
          "dependencies": {
            "abab": {
              "version": "1.0.3"
            },
            "acorn": {
              "version": "2.7.0"
            },
            "acorn-globals": {
              "version": "1.0.9"
            },
            "cssom": {
              "version": "0.3.1"
            },
            "cssstyle": {
              "version": "0.2.34"
            },
            "escodegen": {
              "version": "1.8.0",
              "dependencies": {
                "estraverse": {
                  "version": "1.9.3"
                },
                "esutils": {
                  "version": "2.0.2"
                },
                "esprima": {
                  "version": "2.7.2"
                },
                "optionator": {
                  "version": "0.8.1",
                  "dependencies": {
                    "prelude-ls": {
                      "version": "1.1.2"
                    },
                    "deep-is": {
                      "version": "0.1.3"
                    },
                    "wordwrap": {
                      "version": "1.0.0"
                    },
                    "type-check": {
                      "version": "0.3.2"
                    },
                    "levn": {
                      "version": "0.3.0"
                    },
                    "fast-levenshtein": {
                      "version": "1.1.3"
                    }
                  }
                },
                "source-map": {
                  "version": "0.2.0",
                  "dependencies": {
                    "amdefine": {
                      "version": "1.0.0"
                    }
                  }
                }
              }
            },
            "nwmatcher": {
              "version": "1.3.7"
            },
            "parse5": {
              "version": "1.5.1"
            },
            "request": {
              "version": "2.70.0",
              "dependencies": {
                "aws-sign2": {
                  "version": "0.6.0"
                },
                "aws4": {
                  "version": "1.3.2",
                  "dependencies": {
                    "lru-cache": {
                      "version": "4.0.1",
                      "dependencies": {
                        "pseudomap": {
                          "version": "1.0.2"
                        },
                        "yallist": {
                          "version": "2.0.0"
                        }
                      }
                    }
                  }
                },
                "bl": {
                  "version": "1.1.2",
                  "dependencies": {
                    "readable-stream": {
                      "version": "2.0.6",
                      "dependencies": {
                        "core-util-is": {
                          "version": "1.0.2"
                        },
                        "inherits": {
                          "version": "2.0.1"
                        },
                        "isarray": {
                          "version": "1.0.0"
                        },
                        "process-nextick-args": {
                          "version": "1.0.6"
                        },
                        "string_decoder": {
                          "version": "0.10.31"
                        },
                        "util-deprecate": {
                          "version": "1.0.2"
                        }
                      }
                    }
                  }
                },
                "caseless": {
                  "version": "0.11.0"
                },
                "combined-stream": {
                  "version": "1.0.5",
                  "dependencies": {
                    "delayed-stream": {
                      "version": "1.0.0"
                    }
                  }
                },
                "extend": {
                  "version": "3.0.0"
                },
                "forever-agent": {
                  "version": "0.6.1"
                },
                "form-data": {
                  "version": "1.0.0-rc4",
                  "dependencies": {
                    "async": {
                      "version": "1.5.2"
                    }
                  }
                },
                "har-validator": {
                  "version": "2.0.6",
                  "dependencies": {
                    "chalk": {
                      "version": "1.1.3",
                      "dependencies": {
                        "ansi-styles": {
                          "version": "2.2.1"
                        },
                        "escape-string-regexp": {
                          "version": "1.0.5"
                        },
                        "has-ansi": {
                          "version": "2.0.0",
                          "dependencies": {
                            "ansi-regex": {
                              "version": "2.0.0"
                            }
                          }
                        },
                        "strip-ansi": {
                          "version": "3.0.1",
                          "dependencies": {
                            "ansi-regex": {
                              "version": "2.0.0"
                            }
                          }
                        },
                        "supports-color": {
                          "version": "2.0.0"
                        }
                      }
                    },
                    "commander": {
                      "version": "2.9.0",
                      "dependencies": {
                        "graceful-readlink": {
                          "version": "1.0.1"
                        }
                      }
                    },
                    "is-my-json-valid": {
                      "version": "2.13.1",
                      "dependencies": {
                        "generate-function": {
                          "version": "2.0.0"
                        },
                        "generate-object-property": {
                          "version": "1.2.0",
                          "dependencies": {
                            "is-property": {
                              "version": "1.0.2"
                            }
                          }
                        },
                        "jsonpointer": {
                          "version": "2.0.0"
                        },
                        "xtend": {
                          "version": "4.0.1"
                        }
                      }
                    },
                    "pinkie-promise": {
                      "version": "2.0.1",
                      "dependencies": {
                        "pinkie": {
                          "version": "2.0.4"
                        }
                      }
                    }
                  }
                },
                "hawk": {
                  "version": "3.1.3",
                  "dependencies": {
                    "hoek": {
                      "version": "2.16.3"
                    },
                    "boom": {
                      "version": "2.10.1"
                    },
                    "cryptiles": {
                      "version": "2.0.5"
                    },
                    "sntp": {
                      "version": "1.0.9"
                    }
                  }
                },
                "http-signature": {
                  "version": "1.1.1",
                  "dependencies": {
                    "assert-plus": {
                      "version": "0.2.0"
                    },
                    "jsprim": {
                      "version": "1.2.2",
                      "dependencies": {
                        "extsprintf": {
                          "version": "1.0.2"
                        },
                        "json-schema": {
                          "version": "0.2.2"
                        },
                        "verror": {
                          "version": "1.3.6"
                        }
                      }
                    },
                    "sshpk": {
                      "version": "1.7.4",
                      "dependencies": {
                        "asn1": {
                          "version": "0.2.3"
                        },
                        "dashdash": {
                          "version": "1.13.0",
                          "dependencies": {
                            "assert-plus": {
                              "version": "1.0.0"
                            }
                          }
                        },
                        "jsbn": {
                          "version": "0.1.0"
                        },
                        "tweetnacl": {
                          "version": "0.14.3"
                        },
                        "jodid25519": {
                          "version": "1.0.2"
                        },
                        "ecc-jsbn": {
                          "version": "0.1.1"
                        }
                      }
                    }
                  }
                },
                "is-typedarray": {
                  "version": "1.0.0"
                },
                "isstream": {
                  "version": "0.1.2"
                },
                "json-stringify-safe": {
                  "version": "5.0.1"
                },
                "mime-types": {
                  "version": "2.1.10",
                  "dependencies": {
                    "mime-db": {
                      "version": "1.22.0"
                    }
                  }
                },
                "node-uuid": {
                  "version": "1.4.7"
                },
                "oauth-sign": {
                  "version": "0.8.1"
                },
                "qs": {
                  "version": "6.1.0"
                },
                "stringstream": {
                  "version": "0.0.5"
                },
                "tunnel-agent": {
                  "version": "0.4.2"
                }
              }
            },
            "sax": {
              "version": "1.2.1"
            },
            "symbol-tree": {
              "version": "3.1.4"
            },
            "tough-cookie": {
              "version": "2.2.2"
            },
            "webidl-conversions": {
              "version": "2.0.1"
            },
            "whatwg-url-compat": {
              "version": "0.6.5",
              "dependencies": {
                "tr46": {
                  "version": "0.0.3"
                }
              }
            },
            "xml-name-validator": {
              "version": "2.0.1"
            }
          }
        }
      }
    },
    "mongodb": {
      "version": "2.1.7",
      "dependencies": {
        "es6-promise": {
          "version": "3.0.2"
        },
        "mongodb-core": {
          "version": "1.3.1",
          "dependencies": {
            "bson": {
              "version": "0.4.21"
            },
            "require_optional": {
              "version": "1.0.0",
              "dependencies": {
                "semver": {
                  "version": "5.1.0"
                },
                "resolve-from": {
                  "version": "2.0.0"
                }
              }
            }
          }
        },
        "readable-stream": {
          "version": "1.0.31",
          "dependencies": {
            "core-util-is": {
              "version": "1.0.2"
            },
            "isarray": {
              "version": "0.0.1"
            },
            "string_decoder": {
              "version": "0.10.31"
            },
            "inherits": {
              "version": "2.0.1"
            }
          }
        }
      }
    },
    "mongodb-backup": {
      "version": "1.5.4",
      "dependencies": {
        "bson": {
          "version": "0.4.21"
        },
        "fstream": {
          "version": "1.0.8",
          "dependencies": {
            "graceful-fs": {
              "version": "4.1.3"
            },
            "inherits": {
              "version": "2.0.1"
            },
            "mkdirp": {
              "version": "0.5.1",
              "dependencies": {
                "minimist": {
                  "version": "0.0.8"
                }
              }
            },
            "rimraf": {
              "version": "2.5.2",
              "dependencies": {
                "glob": {
                  "version": "7.0.0",
                  "dependencies": {
                    "inflight": {
                      "version": "1.0.4",
                      "dependencies": {
                        "wrappy": {
                          "version": "1.0.1"
                        }
                      }
                    },
                    "minimatch": {
                      "version": "3.0.0",
                      "dependencies": {
                        "brace-expansion": {
                          "version": "1.1.3",
                          "dependencies": {
                            "balanced-match": {
                              "version": "0.3.0"
                            },
                            "concat-map": {
                              "version": "0.0.1"
                            }
                          }
                        }
                      }
                    },
                    "once": {
                      "version": "1.3.3",
                      "dependencies": {
                        "wrappy": {
                          "version": "1.0.1"
                        }
                      }
                    },
                    "path-is-absolute": {
                      "version": "1.0.0"
                    }
                  }
                }
              }
            }
          }
        },
        "logger-request": {
          "version": "3.6.0",
          "dependencies": {
            "basic-authentication": {
              "version": "1.6.2",
              "dependencies": {
                "setheaders": {
                  "version": "0.1.5"
                }
              }
            },
            "on-finished": {
              "version": "2.3.0",
              "dependencies": {
                "ee-first": {
                  "version": "1.1.1"
                }
              }
            },
            "transfer-rate": {
              "version": "1.1.3"
            },
            "winston": {
              "version": "2.1.1",
              "dependencies": {
                "async": {
                  "version": "1.0.0"
                },
                "colors": {
                  "version": "1.0.3"
                },
                "cycle": {
                  "version": "1.0.3"
                },
                "eyes": {
                  "version": "0.1.8"
                },
                "isstream": {
                  "version": "0.1.2"
                },
                "pkginfo": {
                  "version": "0.3.1"
                },
                "stack-trace": {
                  "version": "0.0.9"
                }
              }
            }
          }
        },
        "tar": {
          "version": "2.2.1",
          "dependencies": {
            "block-stream": {
              "version": "0.0.8"
            },
            "inherits": {
              "version": "2.0.1"
            }
          }
        }
      }
    },
    "mongodb-restore": {
      "version": "1.5.2",
      "dependencies": {
        "bson": {
          "version": "0.4.21"
        },
        "mongodb": {
          "version": "2.1.6",
          "dependencies": {
            "es6-promise": {
              "version": "3.0.2"
            },
            "mongodb-core": {
              "version": "1.3.1",
              "dependencies": {
                "require_optional": {
                  "version": "1.0.0",
                  "dependencies": {
                    "semver": {
                      "version": "5.1.0"
                    },
                    "resolve-from": {
                      "version": "2.0.0"
                    }
                  }
                }
              }
            },
            "readable-stream": {
              "version": "1.0.31",
              "dependencies": {
                "core-util-is": {
                  "version": "1.0.2"
                },
                "isarray": {
                  "version": "0.0.1"
                },
                "string_decoder": {
                  "version": "0.10.31"
                },
                "inherits": {
                  "version": "2.0.1"
                }
              }
            }
          }
        },
        "logger-request": {
          "version": "3.6.0",
          "dependencies": {
            "basic-authentication": {
              "version": "1.6.2",
              "dependencies": {
                "setheaders": {
                  "version": "0.1.5"
                }
              }
            },
            "on-finished": {
              "version": "2.3.0",
              "dependencies": {
                "ee-first": {
                  "version": "1.1.1"
                }
              }
            },
            "transfer-rate": {
              "version": "1.1.3"
            },
            "winston": {
              "version": "2.1.1",
              "dependencies": {
                "async": {
                  "version": "1.0.0"
                },
                "colors": {
                  "version": "1.0.3"
                },
                "cycle": {
                  "version": "1.0.3"
                },
                "eyes": {
                  "version": "0.1.8"
                },
                "isstream": {
                  "version": "0.1.2"
                },
                "pkginfo": {
                  "version": "0.3.1"
                },
                "stack-trace": {
                  "version": "0.0.9"
                }
              }
            }
          }
        },
        "tar": {
          "version": "2.2.1",
          "dependencies": {
            "block-stream": {
              "version": "0.0.8"
            },
            "fstream": {
              "version": "1.0.8",
              "dependencies": {
                "graceful-fs": {
                  "version": "4.1.3"
                },
                "mkdirp": {
                  "version": "0.5.1",
                  "dependencies": {
                    "minimist": {
                      "version": "0.0.8"
                    }
                  }
                },
                "rimraf": {
                  "version": "2.5.2",
                  "dependencies": {
                    "glob": {
                      "version": "7.0.0",
                      "dependencies": {
                        "inflight": {
                          "version": "1.0.4",
                          "dependencies": {
                            "wrappy": {
                              "version": "1.0.1"
                            }
                          }
                        },
                        "minimatch": {
                          "version": "3.0.0",
                          "dependencies": {
                            "brace-expansion": {
                              "version": "1.1.3",
                              "dependencies": {
                                "balanced-match": {
                                  "version": "0.3.0"
                                },
                                "concat-map": {
                                  "version": "0.0.1"
                                }
                              }
                            }
                          }
                        },
                        "once": {
                          "version": "1.3.3",
                          "dependencies": {
                            "wrappy": {
                              "version": "1.0.1"
                            }
                          }
                        },
                        "path-is-absolute": {
                          "version": "1.0.0"
                        }
                      }
                    }
                  }
                }
              }
            },
            "inherits": {
              "version": "2.0.1"
            }
          }
        }
      }
    },
    "winston": {
      "version": "2.2.0",
      "dependencies": {
        "async": {
          "version": "1.0.0"
        },
        "colors": {
          "version": "1.0.3"
        },
        "cycle": {
          "version": "1.0.3"
        },
        "eyes": {
          "version": "0.1.8"
        },
        "isstream": {
          "version": "0.1.2"
        },
        "pkginfo": {
          "version": "0.3.1"
        },
        "stack-trace": {
          "version": "0.0.9"
        }
      }
    }
  }
}
